
Microsoft Visual Studio Solution File, Format Version 12.00
# Visual Studio Version 17
VisualStudioVersion = 17.10.35004.147
MinimumVisualStudioVersion = 10.0.40219.1
Project("{FAE04EC0-301F-11D3-BF4B-00C04F79EFBC}") = "BSEUK", "BSEUK\BSEUK.csproj", "{9E1B6265-6917-48FE-B9D0-9CAFC22B2DAD}"
EndProject
Global
	GlobalSection(SolutionConfigurationPlatforms) = preSolution
		Debug|Any CPU = Debug|Any CPU
		Release|Any CPU = Release|Any CPU
	EndGlobalSection
	GlobalSection(ProjectConfigurationPlatforms) = postSolution
		{9E1B6265-6917-48FE-B9D0-9CAFC22B2DAD}.Debug|Any CPU.ActiveCfg = Debug|Any CPU
		{9E1B6265-6917-48FE-B9D0-9CAFC22B2DAD}.Debug|Any CPU.Build.0 = Debug|Any CPU
		{9E1B6265-6917-48FE-B9D0-9CAFC22B2DAD}.Release|Any CPU.ActiveCfg = Release|Any CPU
		{9E1B6265-6917-48FE-B9D0-9CAFC22B2DAD}.Release|Any CPU.Build.0 = Release|Any CPU
	EndGlobalSection
	GlobalSection(SolutionProperties) = preSolution
		HideSolutionNode = FALSE
	EndGlobalSection
	GlobalSection(ExtensibilityGlobals) = postSolution
		SolutionGuid = {709493E7-4857-4914-AB4D-864C17524FF2}
	EndGlobalSection
EndGlobal
